
Microsoft Visual Studio Solution File, Format Version 12.00
# Visual Studio Version 17
VisualStudioVersion = 17.3.32929.385
MinimumVisualStudioVersion = 10.0.40219.1
Project("{8BC9CEB8-8B4A-11D0-8D11-00A0C91BC942}") = "01_IntroToOOP", "01_IntroToOOP\01_IntroToOOP.vcxproj", "{EFF43089-C3F4-4092-8739-06CFD101AA5C}"
EndProject
Project("{8BC9CEB8-8B4A-11D0-8D11-00A0C91BC942}") = "02_ConstructorDestructor", "02_ConstructorDestructor\02_ConstructorDestructor.vcxproj", "{8A6734C4-D53A-4DF1-A791-24E645B299CA}"
EndProject
Project("{8BC9CEB8-8B4A-11D0-8D11-00A0C91BC942}") = "03_CopyConstructor", "03_CopyConstructor\03_CopyConstructor.vcxproj", "{50B25066-7A06-480D-A5D5-A58FD87EE929}"
EndProject
Project("{8BC9CEB8-8B4A-11D0-8D11-00A0C91BC942}") = "04_DelegationConstructors", "04_DelegationConstructors\04_DelegationConstructors.vcxproj", "{3109F5F3-63F5-413D-A38C-5BFA7BBB3ACE}"
EndProject
Project("{8BC9CEB8-8B4A-11D0-8D11-00A0C91BC942}") = "05_ConstExplicit", "05_ConstExplicit\05_ConstExplicit.vcxproj", "{6A2FB2E3-51E8-49C4-AB60-00D4F21107F5}"
EndProject
Project("{8BC9CEB8-8B4A-11D0-8D11-00A0C91BC942}") = "06_OverloadOperators", "06_OverloadOperators\06_OverloadOperators.vcxproj", "{62A4FD06-6402-479C-8EA0-B556ACB63450}"
EndProject
Project("{8BC9CEB8-8B4A-11D0-8D11-00A0C91BC942}") = "07_Train", "07_Train\07_Train.vcxproj", "{A79258AD-0351-4172-90A8-F5076E3F6A6B}"
EndProject
Project("{8BC9CEB8-8B4A-11D0-8D11-00A0C91BC942}") = "08_OverloadTypes", "08_OverloadTypes\08_OverloadTypes.vcxproj", "{9C39D935-206F-410D-8303-132011DDBAE6}"
EndProject
Project("{8BC9CEB8-8B4A-11D0-8D11-00A0C91BC942}") = "09_TemplateInitializerList", "09_TemplateInitializerList\09_TemplateInitializerList.vcxproj", "{4F661A96-9E6A-4981-ACD5-4A1424E08F46}"
EndProject
Project("{8BC9CEB8-8B4A-11D0-8D11-00A0C91BC942}") = "10_Stack", "10_Stack\10_Stack.vcxproj", "{378B3F0D-D6D9-4452-B093-FA132A363D32}"
EndProject
Project("{8BC9CEB8-8B4A-11D0-8D11-00A0C91BC942}") = "11_Queue", "11_Queue\11_Queue.vcxproj", "{48238248-EA16-4C7A-83EB-818AD2D7D633}"
EndProject
Project("{8BC9CEB8-8B4A-11D0-8D11-00A0C91BC942}") = "12_QueueWithPriority", "12_QueueWithPriority\12_QueueWithPriority.vcxproj", "{3AF649FD-09C8-4955-80B8-F4682A98B3AE}"
EndProject
Project("{8BC9CEB8-8B4A-11D0-8D11-00A0C91BC942}") = "13_SingleLinkedList", "13_SingleLinkedList\13_SingleLinkedList.vcxproj", "{7E7D371E-A134-4257-8AFD-122DF65AFE0F}"
EndProject
Project("{8BC9CEB8-8B4A-11D0-8D11-00A0C91BC942}") = "14_DoubleLinkedList", "14_DoubleLinkedList\14_DoubleLinkedList.vcxproj", "{2A5DF9E0-F8FE-41D8-AD5C-417284ECEF36}"
EndProject
Project("{8BC9CEB8-8B4A-11D0-8D11-00A0C91BC942}") = "15_CopyCtorDoubleLinkedList", "15_CopyCtorDoubleLinkedList\15_CopyCtorDoubleLinkedList.vcxproj", "{D51AF1E4-6343-4507-A847-05FE521E4F60}"
EndProject
Project("{8BC9CEB8-8B4A-11D0-8D11-00A0C91BC942}") = "16_Inheritance", "16_Inheritance\16_Inheritance.vcxproj", "{D4CF5BAF-E581-454C-B7E7-E9FAED762154}"
EndProject
Project("{8BC9CEB8-8B4A-11D0-8D11-00A0C91BC942}") = "17_InheritancePolimorphism", "17_InheritancePolimorphism\17_InheritancePolimorphism.vcxproj", "{21D1AA70-69A4-44BF-B3AE-0F63417BB089}"
EndProject
Project("{8BC9CEB8-8B4A-11D0-8D11-00A0C91BC942}") = "18_AbstractClass", "18_AbstractClass\18_AbstractClass.vcxproj", "{6116CF97-958A-46E7-BFCB-1250E16E6DBE}"
EndProject
Project("{8BC9CEB8-8B4A-11D0-8D11-00A0C91BC942}") = "19_VirtualDestructor", "19_VirtualDestructor\19_VirtualDestructor.vcxproj", "{4D440B7B-D42F-4061-AE38-48962E39EC73}"
EndProject
Project("{8BC9CEB8-8B4A-11D0-8D11-00A0C91BC942}") = "20_PureVirtualDestructor", "20_PureVirtualDestructor\20_PureVirtualDestructor.vcxproj", "{B4D250B0-06F0-4ED9-957D-556F4518E7B6}"
EndProject
Project("{8BC9CEB8-8B4A-11D0-8D11-00A0C91BC942}") = "21_MultiInhetitance", "21_MultiInhetitance\21_MultiInhetitance.vcxproj", "{D0953B0E-3236-4F15-B0C0-1FD39786616B}"
EndProject
Project("{8BC9CEB8-8B4A-11D0-8D11-00A0C91BC942}") = "22_AggregationComposition", "22_AggregationComposition\22_AggregationComposition.vcxproj", "{BD3D0DF3-165A-4535-9DBA-3210BB2CC763}"
EndProject
Project("{8BC9CEB8-8B4A-11D0-8D11-00A0C91BC942}") = "23_STL_Vector", "23_STL_Vector\23_STL_Vector.vcxproj", "{A2E87419-C5C6-491B-9DCE-7D331F0049EE}"
EndProject
Project("{8BC9CEB8-8B4A-11D0-8D11-00A0C91BC942}") = "24_STL_List", "24_STL_List\24_STL_List.vcxproj", "{69025E51-D652-4104-99E6-B8A4495F8BF9}"
EndProject
Project("{8BC9CEB8-8B4A-11D0-8D11-00A0C91BC942}") = "25_STL_Map", "25_STL_Map\25_STL_Map.vcxproj", "{28A51F47-611A-4A6F-80C0-717F4588F98D}"
EndProject
Project("{8BC9CEB8-8B4A-11D0-8D11-00A0C91BC942}") = "26_DynamicMove", "26_DynamicMove\26_DynamicMove.vcxproj", "{BD10CE02-34EB-4FFF-910E-8DBC4B0274AD}"
EndProject
Global
	GlobalSection(SolutionConfigurationPlatforms) = preSolution
		Debug|x64 = Debug|x64
		Debug|x86 = Debug|x86
		Release|x64 = Release|x64
		Release|x86 = Release|x86
	EndGlobalSection
	GlobalSection(ProjectConfigurationPlatforms) = postSolution
		{EFF43089-C3F4-4092-8739-06CFD101AA5C}.Debug|x64.ActiveCfg = Debug|x64
		{EFF43089-C3F4-4092-8739-06CFD101AA5C}.Debug|x64.Build.0 = Debug|x64
		{EFF43089-C3F4-4092-8739-06CFD101AA5C}.Debug|x86.ActiveCfg = Debug|Win32
		{EFF43089-C3F4-4092-8739-06CFD101AA5C}.Debug|x86.Build.0 = Debug|Win32
		{EFF43089-C3F4-4092-8739-06CFD101AA5C}.Release|x64.ActiveCfg = Release|x64
		{EFF43089-C3F4-4092-8739-06CFD101AA5C}.Release|x64.Build.0 = Release|x64
		{EFF43089-C3F4-4092-8739-06CFD101AA5C}.Release|x86.ActiveCfg = Release|Win32
		{EFF43089-C3F4-4092-8739-06CFD101AA5C}.Release|x86.Build.0 = Release|Win32
		{8A6734C4-D53A-4DF1-A791-24E645B299CA}.Debug|x64.ActiveCfg = Debug|x64
		{8A6734C4-D53A-4DF1-A791-24E645B299CA}.Debug|x64.Build.0 = Debug|x64
		{8A6734C4-D53A-4DF1-A791-24E645B299CA}.Debug|x86.ActiveCfg = Debug|Win32
		{8A6734C4-D53A-4DF1-A791-24E645B299CA}.Debug|x86.Build.0 = Debug|Win32
		{8A6734C4-D53A-4DF1-A791-24E645B299CA}.Release|x64.ActiveCfg = Release|x64
		{8A6734C4-D53A-4DF1-A791-24E645B299CA}.Release|x64.Build.0 = Release|x64
		{8A6734C4-D53A-4DF1-A791-24E645B299CA}.Release|x86.ActiveCfg = Release|Win32
		{8A6734C4-D53A-4DF1-A791-24E645B299CA}.Release|x86.Build.0 = Release|Win32
		{50B25066-7A06-480D-A5D5-A58FD87EE929}.Debug|x64.ActiveCfg = Debug|x64
		{50B25066-7A06-480D-A5D5-A58FD87EE929}.Debug|x64.Build.0 = Debug|x64
		{50B25066-7A06-480D-A5D5-A58FD87EE929}.Debug|x86.ActiveCfg = Debug|Win32
		{50B25066-7A06-480D-A5D5-A58FD87EE929}.Debug|x86.Build.0 = Debug|Win32
		{50B25066-7A06-480D-A5D5-A58FD87EE929}.Release|x64.ActiveCfg = Release|x64
		{50B25066-7A06-480D-A5D5-A58FD87EE929}.Release|x64.Build.0 = Release|x64
		{50B25066-7A06-480D-A5D5-A58FD87EE929}.Release|x86.ActiveCfg = Release|Win32
		{50B25066-7A06-480D-A5D5-A58FD87EE929}.Release|x86.Build.0 = Release|Win32
		{3109F5F3-63F5-413D-A38C-5BFA7BBB3ACE}.Debug|x64.ActiveCfg = Debug|x64
		{3109F5F3-63F5-413D-A38C-5BFA7BBB3ACE}.Debug|x64.Build.0 = Debug|x64
		{3109F5F3-63F5-413D-A38C-5BFA7BBB3ACE}.Debug|x86.ActiveCfg = Debug|Win32
		{3109F5F3-63F5-413D-A38C-5BFA7BBB3ACE}.Debug|x86.Build.0 = Debug|Win32
		{3109F5F3-63F5-413D-A38C-5BFA7BBB3ACE}.Release|x64.ActiveCfg = Release|x64
		{3109F5F3-63F5-413D-A38C-5BFA7BBB3ACE}.Release|x64.Build.0 = Release|x64
		{3109F5F3-63F5-413D-A38C-5BFA7BBB3ACE}.Release|x86.ActiveCfg = Release|Win32
		{3109F5F3-63F5-413D-A38C-5BFA7BBB3ACE}.Release|x86.Build.0 = Release|Win32
		{6A2FB2E3-51E8-49C4-AB60-00D4F21107F5}.Debug|x64.ActiveCfg = Debug|x64
		{6A2FB2E3-51E8-49C4-AB60-00D4F21107F5}.Debug|x64.Build.0 = Debug|x64
		{6A2FB2E3-51E8-49C4-AB60-00D4F21107F5}.Debug|x86.ActiveCfg = Debug|Win32
		{6A2FB2E3-51E8-49C4-AB60-00D4F21107F5}.Debug|x86.Build.0 = Debug|Win32
		{6A2FB2E3-51E8-49C4-AB60-00D4F21107F5}.Release|x64.ActiveCfg = Release|x64
		{6A2FB2E3-51E8-49C4-AB60-00D4F21107F5}.Release|x64.Build.0 = Release|x64
		{6A2FB2E3-51E8-49C4-AB60-00D4F21107F5}.Release|x86.ActiveCfg = Release|Win32
		{6A2FB2E3-51E8-49C4-AB60-00D4F21107F5}.Release|x86.Build.0 = Release|Win32
		{62A4FD06-6402-479C-8EA0-B556ACB63450}.Debug|x64.ActiveCfg = Debug|x64
		{62A4FD06-6402-479C-8EA0-B556ACB63450}.Debug|x64.Build.0 = Debug|x64
		{62A4FD06-6402-479C-8EA0-B556ACB63450}.Debug|x86.ActiveCfg = Debug|Win32
		{62A4FD06-6402-479C-8EA0-B556ACB63450}.Debug|x86.Build.0 = Debug|Win32
		{62A4FD06-6402-479C-8EA0-B556ACB63450}.Release|x64.ActiveCfg = Release|x64
		{62A4FD06-6402-479C-8EA0-B556ACB63450}.Release|x64.Build.0 = Release|x64
		{62A4FD06-6402-479C-8EA0-B556ACB63450}.Release|x86.ActiveCfg = Release|Win32
		{62A4FD06-6402-479C-8EA0-B556ACB63450}.Release|x86.Build.0 = Release|Win32
		{A79258AD-0351-4172-90A8-F5076E3F6A6B}.Debug|x64.ActiveCfg = Debug|x64
		{A79258AD-0351-4172-90A8-F5076E3F6A6B}.Debug|x64.Build.0 = Debug|x64
		{A79258AD-0351-4172-90A8-F5076E3F6A6B}.Debug|x86.ActiveCfg = Debug|Win32
		{A79258AD-0351-4172-90A8-F5076E3F6A6B}.Debug|x86.Build.0 = Debug|Win32
		{A79258AD-0351-4172-90A8-F5076E3F6A6B}.Release|x64.ActiveCfg = Release|x64
		{A79258AD-0351-4172-90A8-F5076E3F6A6B}.Release|x64.Build.0 = Release|x64
		{A79258AD-0351-4172-90A8-F5076E3F6A6B}.Release|x86.ActiveCfg = Release|Win32
		{A79258AD-0351-4172-90A8-F5076E3F6A6B}.Release|x86.Build.0 = Release|Win32
		{9C39D935-206F-410D-8303-132011DDBAE6}.Debug|x64.ActiveCfg = Debug|x64
		{9C39D935-206F-410D-8303-132011DDBAE6}.Debug|x64.Build.0 = Debug|x64
		{9C39D935-206F-410D-8303-132011DDBAE6}.Debug|x86.ActiveCfg = Debug|Win32
		{9C39D935-206F-410D-8303-132011DDBAE6}.Debug|x86.Build.0 = Debug|Win32
		{9C39D935-206F-410D-8303-132011DDBAE6}.Release|x64.ActiveCfg = Release|x64
		{9C39D935-206F-410D-8303-132011DDBAE6}.Release|x64.Build.0 = Release|x64
		{9C39D935-206F-410D-8303-132011DDBAE6}.Release|x86.ActiveCfg = Release|Win32
		{9C39D935-206F-410D-8303-132011DDBAE6}.Release|x86.Build.0 = Release|Win32
		{4F661A96-9E6A-4981-ACD5-4A1424E08F46}.Debug|x64.ActiveCfg = Debug|x64
		{4F661A96-9E6A-4981-ACD5-4A1424E08F46}.Debug|x64.Build.0 = Debug|x64
		{4F661A96-9E6A-4981-ACD5-4A1424E08F46}.Debug|x86.ActiveCfg = Debug|Win32
		{4F661A96-9E6A-4981-ACD5-4A1424E08F46}.Debug|x86.Build.0 = Debug|Win32
		{4F661A96-9E6A-4981-ACD5-4A1424E08F46}.Release|x64.ActiveCfg = Release|x64
		{4F661A96-9E6A-4981-ACD5-4A1424E08F46}.Release|x64.Build.0 = Release|x64
		{4F661A96-9E6A-4981-ACD5-4A1424E08F46}.Release|x86.ActiveCfg = Release|Win32
		{4F661A96-9E6A-4981-ACD5-4A1424E08F46}.Release|x86.Build.0 = Release|Win32
		{378B3F0D-D6D9-4452-B093-FA132A363D32}.Debug|x64.ActiveCfg = Debug|x64
		{378B3F0D-D6D9-4452-B093-FA132A363D32}.Debug|x64.Build.0 = Debug|x64
		{378B3F0D-D6D9-4452-B093-FA132A363D32}.Debug|x86.ActiveCfg = Debug|Win32
		{378B3F0D-D6D9-4452-B093-FA132A363D32}.Debug|x86.Build.0 = Debug|Win32
		{378B3F0D-D6D9-4452-B093-FA132A363D32}.Release|x64.ActiveCfg = Release|x64
		{378B3F0D-D6D9-4452-B093-FA132A363D32}.Release|x64.Build.0 = Release|x64
		{378B3F0D-D6D9-4452-B093-FA132A363D32}.Release|x86.ActiveCfg = Release|Win32
		{378B3F0D-D6D9-4452-B093-FA132A363D32}.Release|x86.Build.0 = Release|Win32
		{48238248-EA16-4C7A-83EB-818AD2D7D633}.Debug|x64.ActiveCfg = Debug|x64
		{48238248-EA16-4C7A-83EB-818AD2D7D633}.Debug|x64.Build.0 = Debug|x64
		{48238248-EA16-4C7A-83EB-818AD2D7D633}.Debug|x86.ActiveCfg = Debug|Win32
		{48238248-EA16-4C7A-83EB-818AD2D7D633}.Debug|x86.Build.0 = Debug|Win32
		{48238248-EA16-4C7A-83EB-818AD2D7D633}.Release|x64.ActiveCfg = Release|x64
		{48238248-EA16-4C7A-83EB-818AD2D7D633}.Release|x64.Build.0 = Release|x64
		{48238248-EA16-4C7A-83EB-818AD2D7D633}.Release|x86.ActiveCfg = Release|Win32
		{48238248-EA16-4C7A-83EB-818AD2D7D633}.Release|x86.Build.0 = Release|Win32
		{3AF649FD-09C8-4955-80B8-F4682A98B3AE}.Debug|x64.ActiveCfg = Debug|x64
		{3AF649FD-09C8-4955-80B8-F4682A98B3AE}.Debug|x64.Build.0 = Debug|x64
		{3AF649FD-09C8-4955-80B8-F4682A98B3AE}.Debug|x86.ActiveCfg = Debug|Win32
		{3AF649FD-09C8-4955-80B8-F4682A98B3AE}.Debug|x86.Build.0 = Debug|Win32
		{3AF649FD-09C8-4955-80B8-F4682A98B3AE}.Release|x64.ActiveCfg = Release|x64
		{3AF649FD-09C8-4955-80B8-F4682A98B3AE}.Release|x64.Build.0 = Release|x64
		{3AF649FD-09C8-4955-80B8-F4682A98B3AE}.Release|x86.ActiveCfg = Release|Win32
		{3AF649FD-09C8-4955-80B8-F4682A98B3AE}.Release|x86.Build.0 = Release|Win32
		{7E7D371E-A134-4257-8AFD-122DF65AFE0F}.Debug|x64.ActiveCfg = Debug|x64
		{7E7D371E-A134-4257-8AFD-122DF65AFE0F}.Debug|x64.Build.0 = Debug|x64
		{7E7D371E-A134-4257-8AFD-122DF65AFE0F}.Debug|x86.ActiveCfg = Debug|Win32
		{7E7D371E-A134-4257-8AFD-122DF65AFE0F}.Debug|x86.Build.0 = Debug|Win32
		{7E7D371E-A134-4257-8AFD-122DF65AFE0F}.Release|x64.ActiveCfg = Release|x64
		{7E7D371E-A134-4257-8AFD-122DF65AFE0F}.Release|x64.Build.0 = Release|x64
		{7E7D371E-A134-4257-8AFD-122DF65AFE0F}.Release|x86.ActiveCfg = Release|Win32
		{7E7D371E-A134-4257-8AFD-122DF65AFE0F}.Release|x86.Build.0 = Release|Win32
		{2A5DF9E0-F8FE-41D8-AD5C-417284ECEF36}.Debug|x64.ActiveCfg = Debug|x64
		{2A5DF9E0-F8FE-41D8-AD5C-417284ECEF36}.Debug|x64.Build.0 = Debug|x64
		{2A5DF9E0-F8FE-41D8-AD5C-417284ECEF36}.Debug|x86.ActiveCfg = Debug|Win32
		{2A5DF9E0-F8FE-41D8-AD5C-417284ECEF36}.Debug|x86.Build.0 = Debug|Win32
		{2A5DF9E0-F8FE-41D8-AD5C-417284ECEF36}.Release|x64.ActiveCfg = Release|x64
		{2A5DF9E0-F8FE-41D8-AD5C-417284ECEF36}.Release|x64.Build.0 = Release|x64
		{2A5DF9E0-F8FE-41D8-AD5C-417284ECEF36}.Release|x86.ActiveCfg = Release|Win32
		{2A5DF9E0-F8FE-41D8-AD5C-417284ECEF36}.Release|x86.Build.0 = Release|Win32
		{D51AF1E4-6343-4507-A847-05FE521E4F60}.Debug|x64.ActiveCfg = Debug|x64
		{D51AF1E4-6343-4507-A847-05FE521E4F60}.Debug|x64.Build.0 = Debug|x64
		{D51AF1E4-6343-4507-A847-05FE521E4F60}.Debug|x86.ActiveCfg = Debug|Win32
		{D51AF1E4-6343-4507-A847-05FE521E4F60}.Debug|x86.Build.0 = Debug|Win32
		{D51AF1E4-6343-4507-A847-05FE521E4F60}.Release|x64.ActiveCfg = Release|x64
		{D51AF1E4-6343-4507-A847-05FE521E4F60}.Release|x64.Build.0 = Release|x64
		{D51AF1E4-6343-4507-A847-05FE521E4F60}.Release|x86.ActiveCfg = Release|Win32
		{D51AF1E4-6343-4507-A847-05FE521E4F60}.Release|x86.Build.0 = Release|Win32
		{D4CF5BAF-E581-454C-B7E7-E9FAED762154}.Debug|x64.ActiveCfg = Debug|x64
		{D4CF5BAF-E581-454C-B7E7-E9FAED762154}.Debug|x64.Build.0 = Debug|x64
		{D4CF5BAF-E581-454C-B7E7-E9FAED762154}.Debug|x86.ActiveCfg = Debug|Win32
		{D4CF5BAF-E581-454C-B7E7-E9FAED762154}.Debug|x86.Build.0 = Debug|Win32
		{D4CF5BAF-E581-454C-B7E7-E9FAED762154}.Release|x64.ActiveCfg = Release|x64
		{D4CF5BAF-E581-454C-B7E7-E9FAED762154}.Release|x64.Build.0 = Release|x64
		{D4CF5BAF-E581-454C-B7E7-E9FAED762154}.Release|x86.ActiveCfg = Release|Win32
		{D4CF5BAF-E581-454C-B7E7-E9FAED762154}.Release|x86.Build.0 = Release|Win32
		{21D1AA70-69A4-44BF-B3AE-0F63417BB089}.Debug|x64.ActiveCfg = Debug|x64
		{21D1AA70-69A4-44BF-B3AE-0F63417BB089}.Debug|x64.Build.0 = Debug|x64
		{21D1AA70-69A4-44BF-B3AE-0F63417BB089}.Debug|x86.ActiveCfg = Debug|Win32
		{21D1AA70-69A4-44BF-B3AE-0F63417BB089}.Debug|x86.Build.0 = Debug|Win32
		{21D1AA70-69A4-44BF-B3AE-0F63417BB089}.Release|x64.ActiveCfg = Release|x64
		{21D1AA70-69A4-44BF-B3AE-0F63417BB089}.Release|x64.Build.0 = Release|x64
		{21D1AA70-69A4-44BF-B3AE-0F63417BB089}.Release|x86.ActiveCfg = Release|Win32
		{21D1AA70-69A4-44BF-B3AE-0F63417BB089}.Release|x86.Build.0 = Release|Win32
		{6116CF97-958A-46E7-BFCB-1250E16E6DBE}.Debug|x64.ActiveCfg = Debug|x64
		{6116CF97-958A-46E7-BFCB-1250E16E6DBE}.Debug|x64.Build.0 = Debug|x64
		{6116CF97-958A-46E7-BFCB-1250E16E6DBE}.Debug|x86.ActiveCfg = Debug|Win32
		{6116CF97-958A-46E7-BFCB-1250E16E6DBE}.Debug|x86.Build.0 = Debug|Win32
		{6116CF97-958A-46E7-BFCB-1250E16E6DBE}.Release|x64.ActiveCfg = Release|x64
		{6116CF97-958A-46E7-BFCB-1250E16E6DBE}.Release|x64.Build.0 = Release|x64
		{6116CF97-958A-46E7-BFCB-1250E16E6DBE}.Release|x86.ActiveCfg = Release|Win32
		{6116CF97-958A-46E7-BFCB-1250E16E6DBE}.Release|x86.Build.0 = Release|Win32
		{4D440B7B-D42F-4061-AE38-48962E39EC73}.Debug|x64.ActiveCfg = Debug|x64
		{4D440B7B-D42F-4061-AE38-48962E39EC73}.Debug|x64.Build.0 = Debug|x64
		{4D440B7B-D42F-4061-AE38-48962E39EC73}.Debug|x86.ActiveCfg = Debug|Win32
		{4D440B7B-D42F-4061-AE38-48962E39EC73}.Debug|x86.Build.0 = Debug|Win32
		{4D440B7B-D42F-4061-AE38-48962E39EC73}.Release|x64.ActiveCfg = Release|x64
		{4D440B7B-D42F-4061-AE38-48962E39EC73}.Release|x64.Build.0 = Release|x64
		{4D440B7B-D42F-4061-AE38-48962E39EC73}.Release|x86.ActiveCfg = Release|Win32
		{4D440B7B-D42F-4061-AE38-48962E39EC73}.Release|x86.Build.0 = Release|Win32
		{B4D250B0-06F0-4ED9-957D-556F4518E7B6}.Debug|x64.ActiveCfg = Debug|x64
		{B4D250B0-06F0-4ED9-957D-556F4518E7B6}.Debug|x64.Build.0 = Debug|x64
		{B4D250B0-06F0-4ED9-957D-556F4518E7B6}.Debug|x86.ActiveCfg = Debug|Win32
		{B4D250B0-06F0-4ED9-957D-556F4518E7B6}.Debug|x86.Build.0 = Debug|Win32
		{B4D250B0-06F0-4ED9-957D-556F4518E7B6}.Release|x64.ActiveCfg = Release|x64
		{B4D250B0-06F0-4ED9-957D-556F4518E7B6}.Release|x64.Build.0 = Release|x64
		{B4D250B0-06F0-4ED9-957D-556F4518E7B6}.Release|x86.ActiveCfg = Release|Win32
		{B4D250B0-06F0-4ED9-957D-556F4518E7B6}.Release|x86.Build.0 = Release|Win32
		{D0953B0E-3236-4F15-B0C0-1FD39786616B}.Debug|x64.ActiveCfg = Debug|x64
		{D0953B0E-3236-4F15-B0C0-1FD39786616B}.Debug|x64.Build.0 = Debug|x64
		{D0953B0E-3236-4F15-B0C0-1FD39786616B}.Debug|x86.ActiveCfg = Debug|Win32
		{D0953B0E-3236-4F15-B0C0-1FD39786616B}.Debug|x86.Build.0 = Debug|Win32
		{D0953B0E-3236-4F15-B0C0-1FD39786616B}.Release|x64.ActiveCfg = Release|x64
		{D0953B0E-3236-4F15-B0C0-1FD39786616B}.Release|x64.Build.0 = Release|x64
		{D0953B0E-3236-4F15-B0C0-1FD39786616B}.Release|x86.ActiveCfg = Release|Win32
		{D0953B0E-3236-4F15-B0C0-1FD39786616B}.Release|x86.Build.0 = Release|Win32
		{BD3D0DF3-165A-4535-9DBA-3210BB2CC763}.Debug|x64.ActiveCfg = Debug|x64
		{BD3D0DF3-165A-4535-9DBA-3210BB2CC763}.Debug|x64.Build.0 = Debug|x64
		{BD3D0DF3-165A-4535-9DBA-3210BB2CC763}.Debug|x86.ActiveCfg = Debug|Win32
		{BD3D0DF3-165A-4535-9DBA-3210BB2CC763}.Debug|x86.Build.0 = Debug|Win32
		{BD3D0DF3-165A-4535-9DBA-3210BB2CC763}.Release|x64.ActiveCfg = Release|x64
		{BD3D0DF3-165A-4535-9DBA-3210BB2CC763}.Release|x64.Build.0 = Release|x64
		{BD3D0DF3-165A-4535-9DBA-3210BB2CC763}.Release|x86.ActiveCfg = Release|Win32
		{BD3D0DF3-165A-4535-9DBA-3210BB2CC763}.Release|x86.Build.0 = Release|Win32
		{A2E87419-C5C6-491B-9DCE-7D331F0049EE}.Debug|x64.ActiveCfg = Debug|x64
		{A2E87419-C5C6-491B-9DCE-7D331F0049EE}.Debug|x64.Build.0 = Debug|x64
		{A2E87419-C5C6-491B-9DCE-7D331F0049EE}.Debug|x86.ActiveCfg = Debug|Win32
		{A2E87419-C5C6-491B-9DCE-7D331F0049EE}.Debug|x86.Build.0 = Debug|Win32
		{A2E87419-C5C6-491B-9DCE-7D331F0049EE}.Release|x64.ActiveCfg = Release|x64
		{A2E87419-C5C6-491B-9DCE-7D331F0049EE}.Release|x64.Build.0 = Release|x64
		{A2E87419-C5C6-491B-9DCE-7D331F0049EE}.Release|x86.ActiveCfg = Release|Win32
		{A2E87419-C5C6-491B-9DCE-7D331F0049EE}.Release|x86.Build.0 = Release|Win32
		{69025E51-D652-4104-99E6-B8A4495F8BF9}.Debug|x64.ActiveCfg = Debug|x64
		{69025E51-D652-4104-99E6-B8A4495F8BF9}.Debug|x64.Build.0 = Debug|x64
		{69025E51-D652-4104-99E6-B8A4495F8BF9}.Debug|x86.ActiveCfg = Debug|Win32
		{69025E51-D652-4104-99E6-B8A4495F8BF9}.Debug|x86.Build.0 = Debug|Win32
		{69025E51-D652-4104-99E6-B8A4495F8BF9}.Release|x64.ActiveCfg = Release|x64
		{69025E51-D652-4104-99E6-B8A4495F8BF9}.Release|x64.Build.0 = Release|x64
		{69025E51-D652-4104-99E6-B8A4495F8BF9}.Release|x86.ActiveCfg = Release|Win32
		{69025E51-D652-4104-99E6-B8A4495F8BF9}.Release|x86.Build.0 = Release|Win32
		{28A51F47-611A-4A6F-80C0-717F4588F98D}.Debug|x64.ActiveCfg = Debug|x64
		{28A51F47-611A-4A6F-80C0-717F4588F98D}.Debug|x64.Build.0 = Debug|x64
		{28A51F47-611A-4A6F-80C0-717F4588F98D}.Debug|x86.ActiveCfg = Debug|Win32
		{28A51F47-611A-4A6F-80C0-717F4588F98D}.Debug|x86.Build.0 = Debug|Win32
		{28A51F47-611A-4A6F-80C0-717F4588F98D}.Release|x64.ActiveCfg = Release|x64
		{28A51F47-611A-4A6F-80C0-717F4588F98D}.Release|x64.Build.0 = Release|x64
		{28A51F47-611A-4A6F-80C0-717F4588F98D}.Release|x86.ActiveCfg = Release|Win32
		{28A51F47-611A-4A6F-80C0-717F4588F98D}.Release|x86.Build.0 = Release|Win32
		{BD10CE02-34EB-4FFF-910E-8DBC4B0274AD}.Debug|x64.ActiveCfg = Debug|x64
		{BD10CE02-34EB-4FFF-910E-8DBC4B0274AD}.Debug|x64.Build.0 = Debug|x64
		{BD10CE02-34EB-4FFF-910E-8DBC4B0274AD}.Debug|x86.ActiveCfg = Debug|Win32
		{BD10CE02-34EB-4FFF-910E-8DBC4B0274AD}.Debug|x86.Build.0 = Debug|Win32
		{BD10CE02-34EB-4FFF-910E-8DBC4B0274AD}.Release|x64.ActiveCfg = Release|x64
		{BD10CE02-34EB-4FFF-910E-8DBC4B0274AD}.Release|x64.Build.0 = Release|x64
		{BD10CE02-34EB-4FFF-910E-8DBC4B0274AD}.Release|x86.ActiveCfg = Release|Win32
		{BD10CE02-34EB-4FFF-910E-8DBC4B0274AD}.Release|x86.Build.0 = Release|Win32
	EndGlobalSection
	GlobalSection(SolutionProperties) = preSolution
		HideSolutionNode = FALSE
	EndGlobalSection
	GlobalSection(ExtensibilityGlobals) = postSolution
		SolutionGuid = {D9689614-886B-4B5A-836C-3FBDCA251C0B}
	EndGlobalSection
EndGlobal
