
Microsoft Visual Studio Solution File, Format Version 12.00
# Visual Studio Version 17
VisualStudioVersion = 17.3.32929.385
MinimumVisualStudioVersion = 10.0.40219.1
Project("{8BC9CEB8-8B4A-11D0-8D11-00A0C91BC942}") = "01_IntroToOOP", "01_IntroToOOP\01_IntroToOOP.vcxproj", "{EFF43089-C3F4-4092-8739-06CFD101AA5C}"
EndProject
Project("{8BC9CEB8-8B4A-11D0-8D11-00A0C91BC942}") = "02_ConstructorDestructor", "02_ConstructorDestructor\02_ConstructorDestructor.vcxproj", "{8A6734C4-D53A-4DF1-A791-24E645B299CA}"
EndProject
Project("{8BC9CEB8-8B4A-11D0-8D11-00A0C91BC942}") = "03_CopyConstructor", "03_CopyConstructor\03_CopyConstructor.vcxproj", "{50B25066-7A06-480D-A5D5-A58FD87EE929}"
EndProject
Project("{8BC9CEB8-8B4A-11D0-8D11-00A0C91BC942}") = "04_DelegationConstructors", "04_DelegationConstructors\04_DelegationConstructors.vcxproj", "{3109F5F3-63F5-413D-A38C-5BFA7BBB3ACE}"
EndProject
Project("{8BC9CEB8-8B4A-11D0-8D11-00A0C91BC942}") = "05_ConstExplicit", "05_ConstExplicit\05_ConstExplicit.vcxproj", "{6A2FB2E3-51E8-49C4-AB60-00D4F21107F5}"
EndProject
Global
	GlobalSection(SolutionConfigurationPlatforms) = preSolution
		Debug|x64 = Debug|x64
		Debug|x86 = Debug|x86
		Release|x64 = Release|x64
		Release|x86 = Release|x86
	EndGlobalSection
	GlobalSection(ProjectConfigurationPlatforms) = postSolution
		{EFF43089-C3F4-4092-8739-06CFD101AA5C}.Debug|x64.ActiveCfg = Debug|x64
		{EFF43089-C3F4-4092-8739-06CFD101AA5C}.Debug|x64.Build.0 = Debug|x64
		{EFF43089-C3F4-4092-8739-06CFD101AA5C}.Debug|x86.ActiveCfg = Debug|Win32
		{EFF43089-C3F4-4092-8739-06CFD101AA5C}.Debug|x86.Build.0 = Debug|Win32
		{EFF43089-C3F4-4092-8739-06CFD101AA5C}.Release|x64.ActiveCfg = Release|x64
		{EFF43089-C3F4-4092-8739-06CFD101AA5C}.Release|x64.Build.0 = Release|x64
		{EFF43089-C3F4-4092-8739-06CFD101AA5C}.Release|x86.ActiveCfg = Release|Win32
		{EFF43089-C3F4-4092-8739-06CFD101AA5C}.Release|x86.Build.0 = Release|Win32
		{8A6734C4-D53A-4DF1-A791-24E645B299CA}.Debug|x64.ActiveCfg = Debug|x64
		{8A6734C4-D53A-4DF1-A791-24E645B299CA}.Debug|x64.Build.0 = Debug|x64
		{8A6734C4-D53A-4DF1-A791-24E645B299CA}.Debug|x86.ActiveCfg = Debug|Win32
		{8A6734C4-D53A-4DF1-A791-24E645B299CA}.Debug|x86.Build.0 = Debug|Win32
		{8A6734C4-D53A-4DF1-A791-24E645B299CA}.Release|x64.ActiveCfg = Release|x64
		{8A6734C4-D53A-4DF1-A791-24E645B299CA}.Release|x64.Build.0 = Release|x64
		{8A6734C4-D53A-4DF1-A791-24E645B299CA}.Release|x86.ActiveCfg = Release|Win32
		{8A6734C4-D53A-4DF1-A791-24E645B299CA}.Release|x86.Build.0 = Release|Win32
		{50B25066-7A06-480D-A5D5-A58FD87EE929}.Debug|x64.ActiveCfg = Debug|x64
		{50B25066-7A06-480D-A5D5-A58FD87EE929}.Debug|x64.Build.0 = Debug|x64
		{50B25066-7A06-480D-A5D5-A58FD87EE929}.Debug|x86.ActiveCfg = Debug|Win32
		{50B25066-7A06-480D-A5D5-A58FD87EE929}.Debug|x86.Build.0 = Debug|Win32
		{50B25066-7A06-480D-A5D5-A58FD87EE929}.Release|x64.ActiveCfg = Release|x64
		{50B25066-7A06-480D-A5D5-A58FD87EE929}.Release|x64.Build.0 = Release|x64
		{50B25066-7A06-480D-A5D5-A58FD87EE929}.Release|x86.ActiveCfg = Release|Win32
		{50B25066-7A06-480D-A5D5-A58FD87EE929}.Release|x86.Build.0 = Release|Win32
		{3109F5F3-63F5-413D-A38C-5BFA7BBB3ACE}.Debug|x64.ActiveCfg = Debug|x64
		{3109F5F3-63F5-413D-A38C-5BFA7BBB3ACE}.Debug|x64.Build.0 = Debug|x64
		{3109F5F3-63F5-413D-A38C-5BFA7BBB3ACE}.Debug|x86.ActiveCfg = Debug|Win32
		{3109F5F3-63F5-413D-A38C-5BFA7BBB3ACE}.Debug|x86.Build.0 = Debug|Win32
		{3109F5F3-63F5-413D-A38C-5BFA7BBB3ACE}.Release|x64.ActiveCfg = Release|x64
		{3109F5F3-63F5-413D-A38C-5BFA7BBB3ACE}.Release|x64.Build.0 = Release|x64
		{3109F5F3-63F5-413D-A38C-5BFA7BBB3ACE}.Release|x86.ActiveCfg = Release|Win32
		{3109F5F3-63F5-413D-A38C-5BFA7BBB3ACE}.Release|x86.Build.0 = Release|Win32
		{6A2FB2E3-51E8-49C4-AB60-00D4F21107F5}.Debug|x64.ActiveCfg = Debug|x64
		{6A2FB2E3-51E8-49C4-AB60-00D4F21107F5}.Debug|x64.Build.0 = Debug|x64
		{6A2FB2E3-51E8-49C4-AB60-00D4F21107F5}.Debug|x86.ActiveCfg = Debug|Win32
		{6A2FB2E3-51E8-49C4-AB60-00D4F21107F5}.Debug|x86.Build.0 = Debug|Win32
		{6A2FB2E3-51E8-49C4-AB60-00D4F21107F5}.Release|x64.ActiveCfg = Release|x64
		{6A2FB2E3-51E8-49C4-AB60-00D4F21107F5}.Release|x64.Build.0 = Release|x64
		{6A2FB2E3-51E8-49C4-AB60-00D4F21107F5}.Release|x86.ActiveCfg = Release|Win32
		{6A2FB2E3-51E8-49C4-AB60-00D4F21107F5}.Release|x86.Build.0 = Release|Win32
	EndGlobalSection
	GlobalSection(SolutionProperties) = preSolution
		HideSolutionNode = FALSE
	EndGlobalSection
	GlobalSection(ExtensibilityGlobals) = postSolution
		SolutionGuid = {D9689614-886B-4B5A-836C-3FBDCA251C0B}
	EndGlobalSection
EndGlobal
